
Microsoft Visual Studio Solution File, Format Version 12.00
# Visual Studio 14
VisualStudioVersion = 14.0.25420.1
MinimumVisualStudioVersion = 10.0.40219.1
Project("{FAE04EC0-301F-11D3-BF4B-00C04F79EFBC}") = "web", "web\web.csproj", "{5C790B17-580B-464F-99C0-36243E917F78}"
EndProject
Project("{FAE04EC0-301F-11D3-BF4B-00C04F79EFBC}") = "core", "core\core.csproj", "{7C822DF6-D600-4816-B8EC-4AB563BCE6DA}"
EndProject
Project("{FAE04EC0-301F-11D3-BF4B-00C04F79EFBC}") = "data", "data\data.csproj", "{853717E5-2CA6-4729-AC5A-97AFCF4E1C8F}"
EndProject
Global
	GlobalSection(SolutionConfigurationPlatforms) = preSolution
		Debug|Any CPU = Debug|Any CPU
		Release|Any CPU = Release|Any CPU
	EndGlobalSection
	GlobalSection(ProjectConfigurationPlatforms) = postSolution
		{5C790B17-580B-464F-99C0-36243E917F78}.Debug|Any CPU.ActiveCfg = Debug|Any CPU
		{5C790B17-580B-464F-99C0-36243E917F78}.Debug|Any CPU.Build.0 = Debug|Any CPU
		{5C790B17-580B-464F-99C0-36243E917F78}.Release|Any CPU.ActiveCfg = Release|Any CPU
		{5C790B17-580B-464F-99C0-36243E917F78}.Release|Any CPU.Build.0 = Release|Any CPU
		{7C822DF6-D600-4816-B8EC-4AB563BCE6DA}.Debug|Any CPU.ActiveCfg = Debug|Any CPU
		{7C822DF6-D600-4816-B8EC-4AB563BCE6DA}.Debug|Any CPU.Build.0 = Debug|Any CPU
		{7C822DF6-D600-4816-B8EC-4AB563BCE6DA}.Release|Any CPU.ActiveCfg = Release|Any CPU
		{7C822DF6-D600-4816-B8EC-4AB563BCE6DA}.Release|Any CPU.Build.0 = Release|Any CPU
		{853717E5-2CA6-4729-AC5A-97AFCF4E1C8F}.Debug|Any CPU.ActiveCfg = Debug|Any CPU
		{853717E5-2CA6-4729-AC5A-97AFCF4E1C8F}.Debug|Any CPU.Build.0 = Debug|Any CPU
		{853717E5-2CA6-4729-AC5A-97AFCF4E1C8F}.Release|Any CPU.ActiveCfg = Release|Any CPU
		{853717E5-2CA6-4729-AC5A-97AFCF4E1C8F}.Release|Any CPU.Build.0 = Release|Any CPU
	EndGlobalSection
	GlobalSection(SolutionProperties) = preSolution
		HideSolutionNode = FALSE
	EndGlobalSection
EndGlobal
